
Microsoft Visual Studio Solution File, Format Version 12.00
# Visual Studio Version 16
VisualStudioVersion = 16.0.31205.134
MinimumVisualStudioVersion = 10.0.40219.1
Project("{FAE04EC0-301F-11D3-BF4B-00C04F79EFBC}") = "Dallas_Touch_Memory_Verifyer", "Dallas_Touch_Memory_Verifyer\Dallas_Touch_Memory_Verifyer.csproj", "{BF812317-F7AB-44D5-8866-CDE5C8EFF7EE}"
EndProject
Global
	GlobalSection(SolutionConfigurationPlatforms) = preSolution
		Debug|Any CPU = Debug|Any CPU
		Release|Any CPU = Release|Any CPU
	EndGlobalSection
	GlobalSection(ProjectConfigurationPlatforms) = postSolution
		{BF812317-F7AB-44D5-8866-CDE5C8EFF7EE}.Debug|Any CPU.ActiveCfg = Debug|Any CPU
		{BF812317-F7AB-44D5-8866-CDE5C8EFF7EE}.Debug|Any CPU.Build.0 = Debug|Any CPU
		{BF812317-F7AB-44D5-8866-CDE5C8EFF7EE}.Release|Any CPU.ActiveCfg = Release|Any CPU
		{BF812317-F7AB-44D5-8866-CDE5C8EFF7EE}.Release|Any CPU.Build.0 = Release|Any CPU
	EndGlobalSection
	GlobalSection(SolutionProperties) = preSolution
		HideSolutionNode = FALSE
	EndGlobalSection
	GlobalSection(ExtensibilityGlobals) = postSolution
		SolutionGuid = {28258C20-A226-47D4-AAE3-F773DFD2A539}
	EndGlobalSection
EndGlobal
